
Microsoft Visual Studio Solution File, Format Version 12.00
# Visual Studio Version 16
VisualStudioVersion = 16.0.32126.315
MinimumVisualStudioVersion = 10.0.40219.1
Project("{FAE04EC0-301F-11D3-BF4B-00C04F79EFBC}") = "WindowsFormsApp22", "WindowsFormsApp22\WindowsFormsApp22.csproj", "{A3EFE6B6-4F84-479A-B70A-1184F32025FD}"
EndProject
Project("{FAE04EC0-301F-11D3-BF4B-00C04F79EFBC}") = "UnitTestProject1", "UnitTestProject1\UnitTestProject1.csproj", "{BDD48062-31F3-43CC-A2A0-9851BE7684B6}"
EndProject
Global
	GlobalSection(SolutionConfigurationPlatforms) = preSolution
		Debug|Any CPU = Debug|Any CPU
		Release|Any CPU = Release|Any CPU
	EndGlobalSection
	GlobalSection(ProjectConfigurationPlatforms) = postSolution
		{A3EFE6B6-4F84-479A-B70A-1184F32025FD}.Debug|Any CPU.ActiveCfg = Debug|Any CPU
		{A3EFE6B6-4F84-479A-B70A-1184F32025FD}.Debug|Any CPU.Build.0 = Debug|Any CPU
		{A3EFE6B6-4F84-479A-B70A-1184F32025FD}.Release|Any CPU.ActiveCfg = Release|Any CPU
		{A3EFE6B6-4F84-479A-B70A-1184F32025FD}.Release|Any CPU.Build.0 = Release|Any CPU
		{BDD48062-31F3-43CC-A2A0-9851BE7684B6}.Debug|Any CPU.ActiveCfg = Debug|Any CPU
		{BDD48062-31F3-43CC-A2A0-9851BE7684B6}.Debug|Any CPU.Build.0 = Debug|Any CPU
		{BDD48062-31F3-43CC-A2A0-9851BE7684B6}.Release|Any CPU.ActiveCfg = Release|Any CPU
		{BDD48062-31F3-43CC-A2A0-9851BE7684B6}.Release|Any CPU.Build.0 = Release|Any CPU
	EndGlobalSection
	GlobalSection(SolutionProperties) = preSolution
		HideSolutionNode = FALSE
	EndGlobalSection
	GlobalSection(ExtensibilityGlobals) = postSolution
		SolutionGuid = {373C5337-7A1F-490F-B5AC-3A25CFC90CA4}
	EndGlobalSection
EndGlobal
